
Microsoft Visual Studio Solution File, Format Version 12.00
# Visual Studio Version 16
VisualStudioVersion = 16.0.34407.143
MinimumVisualStudioVersion = 10.0.40219.1
Project("{FAE04EC0-301F-11D3-BF4B-00C04F79EFBC}") = "Restaurant_Management_System", "Restaurant_Management_System.csproj", "{556D940C-167A-4113-A4C0-37D42BD91729}"
EndProject
Global
	GlobalSection(SolutionConfigurationPlatforms) = preSolution
		Debug|Any CPU = Debug|Any CPU
		Release|Any CPU = Release|Any CPU
	EndGlobalSection
	GlobalSection(ProjectConfigurationPlatforms) = postSolution
		{556D940C-167A-4113-A4C0-37D42BD91729}.Debug|Any CPU.ActiveCfg = Debug|Any CPU
		{556D940C-167A-4113-A4C0-37D42BD91729}.Debug|Any CPU.Build.0 = Debug|Any CPU
		{556D940C-167A-4113-A4C0-37D42BD91729}.Release|Any CPU.ActiveCfg = Release|Any CPU
		{556D940C-167A-4113-A4C0-37D42BD91729}.Release|Any CPU.Build.0 = Release|Any CPU
	EndGlobalSection
	GlobalSection(SolutionProperties) = preSolution
		HideSolutionNode = FALSE
	EndGlobalSection
	GlobalSection(ExtensibilityGlobals) = postSolution
		SolutionGuid = {4F751927-B6B0-43FC-B1BA-7B1FDC01081D}
	EndGlobalSection
EndGlobal
